// !$*UTF8*$!
{
	archiveVersion = 1;
	classes = {
	};
	objectVersion = 50;
	objects = {

/* Begin PBXBuildFile section */
		23078CE2267D023D0001730B /* ImageService.swift in Sources */ = {isa = PBXBuildFile; fileRef = 23078CE1267D023D0001730B /* ImageService.swift */; };
		23078CE4267D27F80001730B /* Report.swift in Sources */ = {isa = PBXBuildFile; fileRef = 23078CE3267D27F80001730B /* Report.swift */; };
		23078CE9267D2B450001730B /* BlogRow.swift in Sources */ = {isa = PBXBuildFile; fileRef = 23078CE8267D2B450001730B /* BlogRow.swift */; };
		23078CEB267D2D3F0001730B /* ReportsView.swift in Sources */ = {isa = PBXBuildFile; fileRef = 23078CEA267D2D3F0001730B /* ReportsView.swift */; };
		23078CED267D31AE0001730B /* DetailView.swift in Sources */ = {isa = PBXBuildFile; fileRef = 23078CEC267D31AE0001730B /* DetailView.swift */; };
		23078CEF267D31FA0001730B /* SpaceFlightNews.swift in Sources */ = {isa = PBXBuildFile; fileRef = 23078CEE267D31FA0001730B /* SpaceFlightNews.swift */; };
		23078CF4267D517A0001730B /* DateUtil.swift in Sources */ = {isa = PBXBuildFile; fileRef = 23078CF3267D517A0001730B /* DateUtil.swift */; };
		23078CF6267D55980001730B /* WebView.swift in Sources */ = {isa = PBXBuildFile; fileRef = 23078CF5267D55980001730B /* WebView.swift */; };
		23B40DD4267BF0AE00341BBB /* TSNAApp.swift in Sources */ = {isa = PBXBuildFile; fileRef = 23B40DD3267BF0AE00341BBB /* TSNAApp.swift */; };
		23B40DD6267BF0AE00341BBB /* ContentView.swift in Sources */ = {isa = PBXBuildFile; fileRef = 23B40DD5267BF0AE00341BBB /* ContentView.swift */; };
		23B40DD8267BF0B000341BBB /* Assets.xcassets in Resources */ = {isa = PBXBuildFile; fileRef = 23B40DD7267BF0B000341BBB /* Assets.xcassets */; };
		23B40DDB267BF0B000341BBB /* Preview Assets.xcassets in Resources */ = {isa = PBXBuildFile; fileRef = 23B40DDA267BF0B000341BBB /* Preview Assets.xcassets */; };
		23B40DE3267BF12B00341BBB /* AppService.swift in Sources */ = {isa = PBXBuildFile; fileRef = 23B40DE2267BF12B00341BBB /* AppService.swift */; };
		23B40DE5267BFE2A00341BBB /* Article.swift in Sources */ = {isa = PBXBuildFile; fileRef = 23B40DE4267BFE2A00341BBB /* Article.swift */; };
		23B40DE7267C009B00341BBB /* Launch.swift in Sources */ = {isa = PBXBuildFile; fileRef = 23B40DE6267C009B00341BBB /* Launch.swift */; };
		23B40DE9267C190400341BBB /* APIService.swift in Sources */ = {isa = PBXBuildFile; fileRef = 23B40DE8267C190400341BBB /* APIService.swift */; };
		23B40DEB267C19A000341BBB /* Blog.swift in Sources */ = {isa = PBXBuildFile; fileRef = 23B40DEA267C19A000341BBB /* Blog.swift */; };
		23B40DF5267C24C300341BBB /* TSNATests.swift in Sources */ = {isa = PBXBuildFile; fileRef = 23B40DF4267C24C300341BBB /* TSNATests.swift */; };
		23B40DFD267C261500341BBB /* APIServiceTests.swift in Sources */ = {isa = PBXBuildFile; fileRef = 23B40DFC267C261500341BBB /* APIServiceTests.swift */; };
		23B40E00267C425600341BBB /* ArticleListView.swift in Sources */ = {isa = PBXBuildFile; fileRef = 23B40DFF267C425600341BBB /* ArticleListView.swift */; };
		23B40E07267C43F900341BBB /* ArticleRow.swift in Sources */ = {isa = PBXBuildFile; fileRef = 23B40E06267C43F900341BBB /* ArticleRow.swift */; };
		23B40E09267C46DC00341BBB /* ArticleCell.swift in Sources */ = {isa = PBXBuildFile; fileRef = 23B40E08267C46DC00341BBB /* ArticleCell.swift */; };
/* End PBXBuildFile section */

/* Begin PBXContainerItemProxy section */
		23B40DF7267C24C300341BBB /* PBXContainerItemProxy */ = {
			isa = PBXContainerItemProxy;
			containerPortal = 23B40DC8267BF0AE00341BBB /* Project object */;
			proxyType = 1;
			remoteGlobalIDString = 23B40DCF267BF0AE00341BBB;
			remoteInfo = TSNA;
		};
/* End PBXContainerItemProxy section */

/* Begin PBXFileReference section */
		23078CE1267D023D0001730B /* ImageService.swift */ = {isa = PBXFileReference; lastKnownFileType = sourcecode.swift; name = ImageService.swift; path = ../../../../../../ImageService.swift; sourceTree = "<group>"; };
		23078CE3267D27F80001730B /* Report.swift */ = {isa = PBXFileReference; lastKnownFileType = sourcecode.swift; path = Report.swift; sourceTree = "<group>"; };
		23078CE8267D2B450001730B /* BlogRow.swift */ = {isa = PBXFileReference; lastKnownFileType = sourcecode.swift; path = BlogRow.swift; sourceTree = "<group>"; };
		23078CEA267D2D3F0001730B /* ReportsView.swift */ = {isa = PBXFileReference; lastKnownFileType = sourcecode.swift; path = ReportsView.swift; sourceTree = "<group>"; };
		23078CEC267D31AE0001730B /* DetailView.swift */ = {isa = PBXFileReference; lastKnownFileType = sourcecode.swift; path = DetailView.swift; sourceTree = "<group>"; };
		23078CEE267D31FA0001730B /* SpaceFlightNews.swift */ = {isa = PBXFileReference; lastKnownFileType = sourcecode.swift; path = SpaceFlightNews.swift; sourceTree = "<group>"; };
		23078CF3267D517A0001730B /* DateUtil.swift */ = {isa = PBXFileReference; lastKnownFileType = sourcecode.swift; path = DateUtil.swift; sourceTree = "<group>"; };
		23078CF5267D55980001730B /* WebView.swift */ = {isa = PBXFileReference; lastKnownFileType = sourcecode.swift; path = WebView.swift; sourceTree = "<group>"; };
		23B40DD0267BF0AE00341BBB /* TSNA.app */ = {isa = PBXFileReference; explicitFileType = wrapper.application; includeInIndex = 0; path = TSNA.app; sourceTree = BUILT_PRODUCTS_DIR; };
		23B40DD3267BF0AE00341BBB /* TSNAApp.swift */ = {isa = PBXFileReference; lastKnownFileType = sourcecode.swift; path = TSNAApp.swift; sourceTree = "<group>"; };
		23B40DD5267BF0AE00341BBB /* ContentView.swift */ = {isa = PBXFileReference; lastKnownFileType = sourcecode.swift; path = ContentView.swift; sourceTree = "<group>"; };
		23B40DD7267BF0B000341BBB /* Assets.xcassets */ = {isa = PBXFileReference; lastKnownFileType = folder.assetcatalog; path = Assets.xcassets; sourceTree = "<group>"; };
		23B40DDA267BF0B000341BBB /* Preview Assets.xcassets */ = {isa = PBXFileReference; lastKnownFileType = folder.assetcatalog; path = "Preview Assets.xcassets"; sourceTree = "<group>"; };
		23B40DDC267BF0B000341BBB /* Info.plist */ = {isa = PBXFileReference; lastKnownFileType = text.plist.xml; path = Info.plist; sourceTree = "<group>"; };
		23B40DE2267BF12B00341BBB /* AppService.swift */ = {isa = PBXFileReference; lastKnownFileType = sourcecode.swift; path = AppService.swift; sourceTree = "<group>"; };
		23B40DE4267BFE2A00341BBB /* Article.swift */ = {isa = PBXFileReference; lastKnownFileType = sourcecode.swift; path = Article.swift; sourceTree = "<group>"; };
		23B40DE6267C009B00341BBB /* Launch.swift */ = {isa = PBXFileReference; lastKnownFileType = sourcecode.swift; path = Launch.swift; sourceTree = "<group>"; };
		23B40DE8267C190400341BBB /* APIService.swift */ = {isa = PBXFileReference; lastKnownFileType = sourcecode.swift; path = APIService.swift; sourceTree = "<group>"; };
		23B40DEA267C19A000341BBB /* Blog.swift */ = {isa = PBXFileReference; lastKnownFileType = sourcecode.swift; path = Blog.swift; sourceTree = "<group>"; };
		23B40DF2267C24C300341BBB /* TSNATests.xctest */ = {isa = PBXFileReference; explicitFileType = wrapper.cfbundle; includeInIndex = 0; path = TSNATests.xctest; sourceTree = BUILT_PRODUCTS_DIR; };
		23B40DF4267C24C300341BBB /* TSNATests.swift */ = {isa = PBXFileReference; lastKnownFileType = sourcecode.swift; path = TSNATests.swift; sourceTree = "<group>"; };
		23B40DF6267C24C300341BBB /* Info.plist */ = {isa = PBXFileReference; lastKnownFileType = text.plist.xml; path = Info.plist; sourceTree = "<group>"; };
		23B40DFC267C261500341BBB /* APIServiceTests.swift */ = {isa = PBXFileReference; lastKnownFileType = sourcecode.swift; path = APIServiceTests.swift; sourceTree = "<group>"; };
		23B40DFF267C425600341BBB /* ArticleListView.swift */ = {isa = PBXFileReference; lastKnownFileType = sourcecode.swift; path = ArticleListView.swift; sourceTree = "<group>"; };
		23B40E06267C43F900341BBB /* ArticleRow.swift */ = {isa = PBXFileReference; lastKnownFileType = sourcecode.swift; path = ArticleRow.swift; sourceTree = "<group>"; };
		23B40E08267C46DC00341BBB /* ArticleCell.swift */ = {isa = PBXFileReference; lastKnownFileType = sourcecode.swift; path = ArticleCell.swift; sourceTree = "<group>"; };
/* End PBXFileReference section */

/* Begin PBXFrameworksBuildPhase section */
		23B40DCD267BF0AE00341BBB /* Frameworks */ = {
			isa = PBXFrameworksBuildPhase;
			buildActionMask = 2147483647;
			files = (
			);
			runOnlyForDeploymentPostprocessing = 0;
		};
		23B40DEF267C24C300341BBB /* Frameworks */ = {
			isa = PBXFrameworksBuildPhase;
			buildActionMask = 2147483647;
			files = (
			);
			runOnlyForDeploymentPostprocessing = 0;
		};
/* End PBXFrameworksBuildPhase section */

/* Begin PBXGroup section */
		23078CE5267D2B1A0001730B /* Articles */ = {
			isa = PBXGroup;
			children = (
				23B40E06267C43F900341BBB /* ArticleRow.swift */,
				23B40E08267C46DC00341BBB /* ArticleCell.swift */,
			);
			path = Articles;
			sourceTree = "<group>";
		};
		23078CE6267D2B230001730B /* Blogs */ = {
			isa = PBXGroup;
			children = (
				23078CE8267D2B450001730B /* BlogRow.swift */,
			);
			path = Blogs;
			sourceTree = "<group>";
		};
		23078CE7267D2B280001730B /* Reports */ = {
			isa = PBXGroup;
			children = (
				23078CEA267D2D3F0001730B /* ReportsView.swift */,
			);
			path = Reports;
			sourceTree = "<group>";
		};
		23078CF2267D51530001730B /* Utilities */ = {
			isa = PBXGroup;
			children = (
				23078CF3267D517A0001730B /* DateUtil.swift */,
			);
			path = Utilities;
			sourceTree = "<group>";
		};
		23B40DC7267BF0AE00341BBB = {
			isa = PBXGroup;
			children = (
				23B40DD2267BF0AE00341BBB /* TSNA */,
				23B40DF3267C24C300341BBB /* TSNATests */,
			);
			sourceTree = "<group>";
		};
		23B40DD1267BF0AE00341BBB /* Products */ = {
			isa = PBXGroup;
			children = (
				23B40DD0267BF0AE00341BBB /* TSNA.app */,
				23B40DF2267C24C300341BBB /* TSNATests.xctest */,
			);
			name = Products;
			path = ..;
			sourceTree = "<group>";
		};
		23B40DD2267BF0AE00341BBB /* TSNA */ = {
			isa = PBXGroup;
			children = (
				23078CF2267D51530001730B /* Utilities */,
				23B40E01267C426100341BBB /* View */,
				23B40DFE267C422D00341BBB /* ViewModel */,
				23B40DD3267BF0AE00341BBB /* TSNAApp.swift */,
				23B40DED267C1A6100341BBB /* Service */,
				23B40DEC267C1A5300341BBB /* Model */,
				23B40DD1267BF0AE00341BBB /* Products */,
				23B40DD7267BF0B000341BBB /* Assets.xcassets */,
				23B40DDC267BF0B000341BBB /* Info.plist */,
				23B40DD9267BF0B000341BBB /* Preview Content */,
			);
			path = TSNA;
			sourceTree = "<group>";
		};
		23B40DD9267BF0B000341BBB /* Preview Content */ = {
			isa = PBXGroup;
			children = (
				23B40DDA267BF0B000341BBB /* Preview Assets.xcassets */,
			);
			path = "Preview Content";
			sourceTree = "<group>";
		};
		23B40DEC267C1A5300341BBB /* Model */ = {
			isa = PBXGroup;
			children = (
				23B40DE6267C009B00341BBB /* Launch.swift */,
				23B40DEA267C19A000341BBB /* Blog.swift */,
				23B40DE4267BFE2A00341BBB /* Article.swift */,
				23078CE3267D27F80001730B /* Report.swift */,
				23078CEE267D31FA0001730B /* SpaceFlightNews.swift */,
			);
			path = Model;
			sourceTree = "<group>";
		};
		23B40DED267C1A6100341BBB /* Service */ = {
			isa = PBXGroup;
			children = (
				23B40DE2267BF12B00341BBB /* AppService.swift */,
				23B40DE8267C190400341BBB /* APIService.swift */,
				23078CE1267D023D0001730B /* ImageService.swift */,
			);
			path = Service;
			sourceTree = "<group>";
		};
		23B40DF3267C24C300341BBB /* TSNATests */ = {
			isa = PBXGroup;
			children = (
				23B40DF4267C24C300341BBB /* TSNATests.swift */,
				23B40DF6267C24C300341BBB /* Info.plist */,
				23B40DFC267C261500341BBB /* APIServiceTests.swift */,
			);
			path = TSNATests;
			sourceTree = "<group>";
		};
		23B40DFE267C422D00341BBB /* ViewModel */ = {
			isa = PBXGroup;
			children = (
				23B40DD5267BF0AE00341BBB /* ContentView.swift */,
				23B40DFF267C425600341BBB /* ArticleListView.swift */,
			);
			path = ViewModel;
			sourceTree = "<group>";
		};
		23B40E01267C426100341BBB /* View */ = {
			isa = PBXGroup;
			children = (
				23078CE7267D2B280001730B /* Reports */,
				23078CE6267D2B230001730B /* Blogs */,
				23078CE5267D2B1A0001730B /* Articles */,
				23078CEC267D31AE0001730B /* DetailView.swift */,
				23078CF5267D55980001730B /* WebView.swift */,
			);
			path = View;
			sourceTree = "<group>";
		};
/* End PBXGroup section */

/* Begin PBXNativeTarget section */
		23B40DCF267BF0AE00341BBB /* TSNA */ = {
			isa = PBXNativeTarget;
			buildConfigurationList = 23B40DDF267BF0B000341BBB /* Build configuration list for PBXNativeTarget "TSNA" */;
			buildPhases = (
				23B40DCC267BF0AE00341BBB /* Sources */,
				23B40DCD267BF0AE00341BBB /* Frameworks */,
				23B40DCE267BF0AE00341BBB /* Resources */,
			);
			buildRules = (
			);
			dependencies = (
			);
			name = TSNA;
			productName = TSNA;
			productReference = 23B40DD0267BF0AE00341BBB /* TSNA.app */;
			productType = "com.apple.product-type.application";
		};
		23B40DF1267C24C300341BBB /* TSNATests */ = {
			isa = PBXNativeTarget;
			buildConfigurationList = 23B40DF9267C24C300341BBB /* Build configuration list for PBXNativeTarget "TSNATests" */;
			buildPhases = (
				23B40DEE267C24C300341BBB /* Sources */,
				23B40DEF267C24C300341BBB /* Frameworks */,
				23B40DF0267C24C300341BBB /* Resources */,
			);
			buildRules = (
			);
			dependencies = (
				23B40DF8267C24C300341BBB /* PBXTargetDependency */,
			);
			name = TSNATests;
			productName = TSNATests;
			productReference = 23B40DF2267C24C300341BBB /* TSNATests.xctest */;
			productType = "com.apple.product-type.bundle.unit-test";
		};
/* End PBXNativeTarget section */

/* Begin PBXProject section */
		23B40DC8267BF0AE00341BBB /* Project object */ = {
			isa = PBXProject;
			attributes = {
				LastSwiftUpdateCheck = 1250;
				LastUpgradeCheck = 1250;
				TargetAttributes = {
					23B40DCF267BF0AE00341BBB = {
						CreatedOnToolsVersion = 12.5;
					};
					23B40DF1267C24C300341BBB = {
						CreatedOnToolsVersion = 12.5;
						TestTargetID = 23B40DCF267BF0AE00341BBB;
					};
				};
			};
			buildConfigurationList = 23B40DCB267BF0AE00341BBB /* Build configuration list for PBXProject "TSNA" */;
			compatibilityVersion = "Xcode 9.3";
			developmentRegion = en;
			hasScannedForEncodings = 0;
			knownRegions = (
				en,
				Base,
			);
			mainGroup = 23B40DC7267BF0AE00341BBB;
			productRefGroup = 23B40DD1267BF0AE00341BBB /* Products */;
			projectDirPath = "";
			projectRoot = "";
			targets = (
				23B40DCF267BF0AE00341BBB /* TSNA */,
				23B40DF1267C24C300341BBB /* TSNATests */,
			);
		};
/* End PBXProject section */

/* Begin PBXResourcesBuildPhase section */
		23B40DCE267BF0AE00341BBB /* Resources */ = {
			isa = PBXResourcesBuildPhase;
			buildActionMask = 2147483647;
			files = (
				23B40DDB267BF0B000341BBB /* Preview Assets.xcassets in Resources */,
				23B40DD8267BF0B000341BBB /* Assets.xcassets in Resources */,
			);
			runOnlyForDeploymentPostprocessing = 0;
		};
		23B40DF0267C24C300341BBB /* Resources */ = {
			isa = PBXResourcesBuildPhase;
			buildActionMask = 2147483647;
			files = (
			);
			runOnlyForDeploymentPostprocessing = 0;
		};
/* End PBXResourcesBuildPhase section */

/* Begin PBXSourcesBuildPhase section */
		23B40DCC267BF0AE00341BBB /* Sources */ = {
			isa = PBXSourcesBuildPhase;
			buildActionMask = 2147483647;
			files = (
				23B40DE5267BFE2A00341BBB /* Article.swift in Sources */,
				23B40DEB267C19A000341BBB /* Blog.swift in Sources */,
				23B40DD6267BF0AE00341BBB /* ContentView.swift in Sources */,
				23B40E00267C425600341BBB /* ArticleListView.swift in Sources */,
				23078CE9267D2B450001730B /* BlogRow.swift in Sources */,
				23078CF4267D517A0001730B /* DateUtil.swift in Sources */,
				23B40DE3267BF12B00341BBB /* AppService.swift in Sources */,
				23B40DE7267C009B00341BBB /* Launch.swift in Sources */,
				23078CEF267D31FA0001730B /* SpaceFlightNews.swift in Sources */,
				23B40DE9267C190400341BBB /* APIService.swift in Sources */,
				23B40DD4267BF0AE00341BBB /* TSNAApp.swift in Sources */,
				23078CE2267D023D0001730B /* ImageService.swift in Sources */,
				23078CEB267D2D3F0001730B /* ReportsView.swift in Sources */,
				23B40E07267C43F900341BBB /* ArticleRow.swift in Sources */,
				23B40E09267C46DC00341BBB /* ArticleCell.swift in Sources */,
				23078CF6267D55980001730B /* WebView.swift in Sources */,
				23078CED267D31AE0001730B /* DetailView.swift in Sources */,
				23078CE4267D27F80001730B /* Report.swift in Sources */,
			);
			runOnlyForDeploymentPostprocessing = 0;
		};
		23B40DEE267C24C300341BBB /* Sources */ = {
			isa = PBXSourcesBuildPhase;
			buildActionMask = 2147483647;
			files = (
				23B40DFD267C261500341BBB /* APIServiceTests.swift in Sources */,
				23B40DF5267C24C300341BBB /* TSNATests.swift in Sources */,
			);
			runOnlyForDeploymentPostprocessing = 0;
		};
/* End PBXSourcesBuildPhase section */

/* Begin PBXTargetDependency section */
		23B40DF8267C24C300341BBB /* PBXTargetDependency */ = {
			isa = PBXTargetDependency;
			target = 23B40DCF267BF0AE00341BBB /* TSNA */;
			targetProxy = 23B40DF7267C24C300341BBB /* PBXContainerItemProxy */;
		};
/* End PBXTargetDependency section */

/* Begin XCBuildConfiguration section */
		23B40DDD267BF0B000341BBB /* Debug */ = {
			isa = XCBuildConfiguration;
			buildSettings = {
				ALWAYS_SEARCH_USER_PATHS = NO;
				CLANG_ANALYZER_NONNULL = YES;
				CLANG_ANALYZER_NUMBER_OBJECT_CONVERSION = YES_AGGRESSIVE;
				CLANG_CXX_LANGUAGE_STANDARD = "gnu++14";
				CLANG_CXX_LIBRARY = "libc++";
				CLANG_ENABLE_MODULES = YES;
				CLANG_ENABLE_OBJC_ARC = YES;
				CLANG_ENABLE_OBJC_WEAK = YES;
				CLANG_WARN_BLOCK_CAPTURE_AUTORELEASING = YES;
				CLANG_WARN_BOOL_CONVERSION = YES;
				CLANG_WARN_COMMA = YES;
				CLANG_WARN_CONSTANT_CONVERSION = YES;
				CLANG_WARN_DEPRECATED_OBJC_IMPLEMENTATIONS = YES;
				CLANG_WARN_DIRECT_OBJC_ISA_USAGE = YES_ERROR;
				CLANG_WARN_DOCUMENTATION_COMMENTS = YES;
				CLANG_WARN_EMPTY_BODY = YES;
				CLANG_WARN_ENUM_CONVERSION = YES;
				CLANG_WARN_INFINITE_RECURSION = YES;
				CLANG_WARN_INT_CONVERSION = YES;
				CLANG_WARN_NON_LITERAL_NULL_CONVERSION = YES;
				CLANG_WARN_OBJC_IMPLICIT_RETAIN_SELF = YES;
				CLANG_WARN_OBJC_LITERAL_CONVERSION = YES;
				CLANG_WARN_OBJC_ROOT_CLASS = YES_ERROR;
				CLANG_WARN_QUOTED_INCLUDE_IN_FRAMEWORK_HEADER = YES;
				CLANG_WARN_RANGE_LOOP_ANALYSIS = YES;
				CLANG_WARN_STRICT_PROTOTYPES = YES;
				CLANG_WARN_SUSPICIOUS_MOVE = YES;
				CLANG_WARN_UNGUARDED_AVAILABILITY = YES_AGGRESSIVE;
				CLANG_WARN_UNREACHABLE_CODE = YES;
				CLANG_WARN__DUPLICATE_METHOD_MATCH = YES;
				COPY_PHASE_STRIP = NO;
				DEBUG_INFORMATION_FORMAT = dwarf;
				ENABLE_STRICT_OBJC_MSGSEND = YES;
				ENABLE_TESTABILITY = YES;
				GCC_C_LANGUAGE_STANDARD = gnu11;
				GCC_DYNAMIC_NO_PIC = NO;
				GCC_NO_COMMON_BLOCKS = YES;
				GCC_OPTIMIZATION_LEVEL = 0;
				GCC_PREPROCESSOR_DEFINITIONS = (
					"DEBUG=1",
					"$(inherited)",
				);
				GCC_WARN_64_TO_32_BIT_CONVERSION = YES;
				GCC_WARN_ABOUT_RETURN_TYPE = YES_ERROR;
				GCC_WARN_UNDECLARED_SELECTOR = YES;
				GCC_WARN_UNINITIALIZED_AUTOS = YES_AGGRESSIVE;
				GCC_WARN_UNUSED_FUNCTION = YES;
				GCC_WARN_UNUSED_VARIABLE = YES;
				IPHONEOS_DEPLOYMENT_TARGET = 14.5;
				MTL_ENABLE_DEBUG_INFO = INCLUDE_SOURCE;
				MTL_FAST_MATH = YES;
				ONLY_ACTIVE_ARCH = YES;
				SDKROOT = iphoneos;
				SWIFT_ACTIVE_COMPILATION_CONDITIONS = DEBUG;
				SWIFT_OPTIMIZATION_LEVEL = "-Onone";
			};
			name = Debug;
		};
		23B40DDE267BF0B000341BBB /* Release */ = {
			isa = XCBuildConfiguration;
			buildSettings = {
				ALWAYS_SEARCH_USER_PATHS = NO;
				CLANG_ANALYZER_NONNULL = YES;
				CLANG_ANALYZER_NUMBER_OBJECT_CONVERSION = YES_AGGRESSIVE;
				CLANG_CXX_LANGUAGE_STANDARD = "gnu++14";
				CLANG_CXX_LIBRARY = "libc++";
				CLANG_ENABLE_MODULES = YES;
				CLANG_ENABLE_OBJC_ARC = YES;
				CLANG_ENABLE_OBJC_WEAK = YES;
				CLANG_WARN_BLOCK_CAPTURE_AUTORELEASING = YES;
				CLANG_WARN_BOOL_CONVERSION = YES;
				CLANG_WARN_COMMA = YES;
				CLANG_WARN_CONSTANT_CONVERSION = YES;
				CLANG_WARN_DEPRECATED_OBJC_IMPLEMENTATIONS = YES;
				CLANG_WARN_DIRECT_OBJC_ISA_USAGE = YES_ERROR;
				CLANG_WARN_DOCUMENTATION_COMMENTS = YES;
				CLANG_WARN_EMPTY_BODY = YES;
				CLANG_WARN_ENUM_CONVERSION = YES;
				CLANG_WARN_INFINITE_RECURSION = YES;
				CLANG_WARN_INT_CONVERSION = YES;
				CLANG_WARN_NON_LITERAL_NULL_CONVERSION = YES;
				CLANG_WARN_OBJC_IMPLICIT_RETAIN_SELF = YES;
				CLANG_WARN_OBJC_LITERAL_CONVERSION = YES;
				CLANG_WARN_OBJC_ROOT_CLASS = YES_ERROR;
				CLANG_WARN_QUOTED_INCLUDE_IN_FRAMEWORK_HEADER = YES;
				CLANG_WARN_RANGE_LOOP_ANALYSIS = YES;
				CLANG_WARN_STRICT_PROTOTYPES = YES;
				CLANG_WARN_SUSPICIOUS_MOVE = YES;
				CLANG_WARN_UNGUARDED_AVAILABILITY = YES_AGGRESSIVE;
				CLANG_WARN_UNREACHABLE_CODE = YES;
				CLANG_WARN__DUPLICATE_METHOD_MATCH = YES;
				COPY_PHASE_STRIP = NO;
				DEBUG_INFORMATION_FORMAT = "dwarf-with-dsym";
				ENABLE_NS_ASSERTIONS = NO;
				ENABLE_STRICT_OBJC_MSGSEND = YES;
				GCC_C_LANGUAGE_STANDARD = gnu11;
				GCC_NO_COMMON_BLOCKS = YES;
				GCC_WARN_64_TO_32_BIT_CONVERSION = YES;
				GCC_WARN_ABOUT_RETURN_TYPE = YES_ERROR;
				GCC_WARN_UNDECLARED_SELECTOR = YES;
				GCC_WARN_UNINITIALIZED_AUTOS = YES_AGGRESSIVE;
				GCC_WARN_UNUSED_FUNCTION = YES;
				GCC_WARN_UNUSED_VARIABLE = YES;
				IPHONEOS_DEPLOYMENT_TARGET = 14.5;
				MTL_ENABLE_DEBUG_INFO = NO;
				MTL_FAST_MATH = YES;
				SDKROOT = iphoneos;
				SWIFT_COMPILATION_MODE = wholemodule;
				SWIFT_OPTIMIZATION_LEVEL = "-O";
				VALIDATE_PRODUCT = YES;
			};
			name = Release;
		};
		23B40DE0267BF0B000341BBB /* Debug */ = {
			isa = XCBuildConfiguration;
			buildSettings = {
				ASSETCATALOG_COMPILER_APPICON_NAME = AppIcon;
				ASSETCATALOG_COMPILER_GLOBAL_ACCENT_COLOR_NAME = AccentColor;
				CODE_SIGN_STYLE = Automatic;
				DEVELOPMENT_ASSET_PATHS = "\"TSNA/Preview Content\"";
				DEVELOPMENT_TEAM = S2MH5FWQJN;
				ENABLE_PREVIEWS = YES;
				INFOPLIST_FILE = TSNA/Info.plist;
				IPHONEOS_DEPLOYMENT_TARGET = 14.0;
				LD_RUNPATH_SEARCH_PATHS = (
					"$(inherited)",
					"@executable_path/Frameworks",
				);
				PRODUCT_BUNDLE_IDENTIFIER = com.sim.TSNA;
				PRODUCT_NAME = "$(TARGET_NAME)";
				SWIFT_VERSION = 5.0;
				TARGETED_DEVICE_FAMILY = "1,2";
			};
			name = Debug;
		};
		23B40DE1267BF0B000341BBB /* Release */ = {
			isa = XCBuildConfiguration;
			buildSettings = {
				ASSETCATALOG_COMPILER_APPICON_NAME = AppIcon;
				ASSETCATALOG_COMPILER_GLOBAL_ACCENT_COLOR_NAME = AccentColor;
				CODE_SIGN_STYLE = Automatic;
				DEVELOPMENT_ASSET_PATHS = "\"TSNA/Preview Content\"";
				DEVELOPMENT_TEAM = S2MH5FWQJN;
				ENABLE_PREVIEWS = YES;
				INFOPLIST_FILE = TSNA/Info.plist;
				IPHONEOS_DEPLOYMENT_TARGET = 14.0;
				LD_RUNPATH_SEARCH_PATHS = (
					"$(inherited)",
					"@executable_path/Frameworks",
				);
				PRODUCT_BUNDLE_IDENTIFIER = com.sim.TSNA;
				PRODUCT_NAME = "$(TARGET_NAME)";
				SWIFT_VERSION = 5.0;
				TARGETED_DEVICE_FAMILY = "1,2";
			};
			name = Release;
		};
		23B40DFA267C24C300341BBB /* Debug */ = {
			isa = XCBuildConfiguration;
			buildSettings = {
				BUNDLE_LOADER = "$(TEST_HOST)";
				CODE_SIGN_STYLE = Automatic;
				DEVELOPMENT_TEAM = S2MH5FWQJN;
				INFOPLIST_FILE = TSNATests/Info.plist;
				LD_RUNPATH_SEARCH_PATHS = (
					"$(inherited)",
					"@executable_path/Frameworks",
					"@loader_path/Frameworks",
				);
				PRODUCT_BUNDLE_IDENTIFIER = com.sim.TSNATests;
				PRODUCT_NAME = "$(TARGET_NAME)";
				SWIFT_VERSION = 5.0;
				TARGETED_DEVICE_FAMILY = "1,2";
				TEST_HOST = "$(BUILT_PRODUCTS_DIR)/TSNA.app/TSNA";
			};
			name = Debug;
		};
		23B40DFB267C24C300341BBB /* Release */ = {
			isa = XCBuildConfiguration;
			buildSettings = {
				BUNDLE_LOADER = "$(TEST_HOST)";
				CODE_SIGN_STYLE = Automatic;
				DEVELOPMENT_TEAM = S2MH5FWQJN;
				INFOPLIST_FILE = TSNATests/Info.plist;
				LD_RUNPATH_SEARCH_PATHS = (
					"$(inherited)",
					"@executable_path/Frameworks",
					"@loader_path/Frameworks",
				);
				PRODUCT_BUNDLE_IDENTIFIER = com.sim.TSNATests;
				PRODUCT_NAME = "$(TARGET_NAME)";
				SWIFT_VERSION = 5.0;
				TARGETED_DEVICE_FAMILY = "1,2";
				TEST_HOST = "$(BUILT_PRODUCTS_DIR)/TSNA.app/TSNA";
			};
			name = Release;
		};
/* End XCBuildConfiguration section */

/* Begin XCConfigurationList section */
		23B40DCB267BF0AE00341BBB /* Build configuration list for PBXProject "TSNA" */ = {
			isa = XCConfigurationList;
			buildConfigurations = (
				23B40DDD267BF0B000341BBB /* Debug */,
				23B40DDE267BF0B000341BBB /* Release */,
			);
			defaultConfigurationIsVisible = 0;
			defaultConfigurationName = Release;
		};
		23B40DDF267BF0B000341BBB /* Build configuration list for PBXNativeTarget "TSNA" */ = {
			isa = XCConfigurationList;
			buildConfigurations = (
				23B40DE0267BF0B000341BBB /* Debug */,
				23B40DE1267BF0B000341BBB /* Release */,
			);
			defaultConfigurationIsVisible = 0;
			defaultConfigurationName = Release;
		};
		23B40DF9267C24C300341BBB /* Build configuration list for PBXNativeTarget "TSNATests" */ = {
			isa = XCConfigurationList;
			buildConfigurations = (
				23B40DFA267C24C300341BBB /* Debug */,
				23B40DFB267C24C300341BBB /* Release */,
			);
			defaultConfigurationIsVisible = 0;
			defaultConfigurationName = Release;
		};
/* End XCConfigurationList section */
	};
	rootObject = 23B40DC8267BF0AE00341BBB /* Project object */;
}
